
Microsoft Visual Studio Solution File, Format Version 12.00
# Visual Studio Version 16
VisualStudioVersion = 16.0.31702.278
MinimumVisualStudioVersion = 10.0.40219.1
Project("{FAE04EC0-301F-11D3-BF4B-00C04F79EFBC}") = "Shop", "Shop\Shop.csproj", "{8E4C5905-2EE4-46EF-8912-D4334263765B}"
EndProject
Global
	GlobalSection(SolutionConfigurationPlatforms) = preSolution
		Debug|Any CPU = Debug|Any CPU
		Release|Any CPU = Release|Any CPU
	EndGlobalSection
	GlobalSection(ProjectConfigurationPlatforms) = postSolution
		{8E4C5905-2EE4-46EF-8912-D4334263765B}.Debug|Any CPU.ActiveCfg = Debug|Any CPU
		{8E4C5905-2EE4-46EF-8912-D4334263765B}.Debug|Any CPU.Build.0 = Debug|Any CPU
		{8E4C5905-2EE4-46EF-8912-D4334263765B}.Release|Any CPU.ActiveCfg = Release|Any CPU
		{8E4C5905-2EE4-46EF-8912-D4334263765B}.Release|Any CPU.Build.0 = Release|Any CPU
	EndGlobalSection
	GlobalSection(SolutionProperties) = preSolution
		HideSolutionNode = FALSE
	EndGlobalSection
	GlobalSection(ExtensibilityGlobals) = postSolution
		SolutionGuid = {FB980E32-58CA-4BA7-AB31-FAF95E053695}
	EndGlobalSection
EndGlobal
